<?xml version="1.0" encoding="utf-8"?>
<Project ToolsVersion="4.0" xmlns="http://schemas.microsoft.com/developer/msbuild/2003">
  <ItemGroup>
    <Filter Include="Source Files">
      <UniqueIdentifier>{4FC737F1-C7A5-4376-A066-2A32D752A2FF}</UniqueIdentifier>
      <Extensions>cpp;c;cc;cxx;c++;def;odl;idl;hpj;bat;asm;asmx</Extensions>
    </Filter>
    <Filter Include="Header Files">
      <UniqueIdentifier>{93995380-89BD-4b04-88EB-625FBE52EBFB}</UniqueIdentifier>
      <Extensions>h;hh;hpp;hxx;h++;hm;inl;inc;ipp;xsd</Extensions>
    </Filter>
    <Filter Include="Resource Files">
      <UniqueIdentifier>{67DA6AB6-F800-4c08-8B7A-83BB121AAD01}</UniqueIdentifier>
      <Extensions>rc;ico;cur;bmp;dlg;rc2;rct;bin;rgs;gif;jpg;jpeg;jpe;resx;tiff;tif;png;wav;mfcribbon-ms</Extensions>
    </Filter>
  </ItemGroup>
  <ItemGroup>
    <ClCompile Include="lab8-11.cpp">
      <Filter>Source Files</Filter>
    </ClCompile>
    <ClCompile Include="phone.cpp">
      <Filter>Source Files</Filter>
    </ClCompile>
    <ClCompile Include="drone.cpp">
      <Filter>Source Files</Filter>
    </ClCompile>
    <ClCompile Include="series.cpp">
      <Filter>Source Files</Filter>
    </ClCompile>
    <ClCompile Include="testsForObjects.cpp">
      <Filter>Source Files</Filter>
    </ClCompile>
    <ClCompile Include="repoTests.cpp">
      <Filter>Source Files</Filter>
    </ClCompile>
    <ClCompile Include="yo.cpp">
      <Filter>Source Files</Filter>
    </ClCompile>
    <ClCompile Include="phoneValidation.cpp">
      <Filter>Source Files</Filter>
    </ClCompile>
    <ClCompile Include="seriesValidation.cpp">
      <Filter>Source Files</Filter>
    </ClCompile>
    <ClCompile Include="service.cpp">
      <Filter>Source Files</Filter>
    </ClCompile>
    <ClCompile Include="user.cpp">
      <Filter>Source Files</Filter>
    </ClCompile>
    <ClCompile Include="console.cpp">
      <Filter>Source Files</Filter>
    </ClCompile>
  </ItemGroup>
  <ItemGroup>
    <ClInclude Include="phone.h">
      <Filter>Header Files</Filter>
    </ClInclude>
    <ClInclude Include="drone.h">
      <Filter>Header Files</Filter>
    </ClInclude>
    <ClInclude Include="repoTemplate.h">
      <Filter>Header Files</Filter>
    </ClInclude>
    <ClInclude Include="series.h">
      <Filter>Header Files</Filter>
    </ClInclude>
    <ClInclude Include="testsForObjects.h">
      <Filter>Header Files</Filter>
    </ClInclude>
    <ClInclude Include="repoFile.h">
      <Filter>Header Files</Filter>
    </ClInclude>
    <ClInclude Include="repoTests.h">
      <Filter>Header Files</Filter>
    </ClInclude>
    <ClInclude Include="yo.h">
      <Filter>Header Files</Filter>
    </ClInclude>
    <ClInclude Include="repoFileCSV.h">
      <Filter>Header Files</Filter>
    </ClInclude>
    <ClInclude Include="repoFileHTML.h">
      <Filter>Header Files</Filter>
    </ClInclude>
    <ClInclude Include="phoneValidation.h">
      <Filter>Header Files</Filter>
    </ClInclude>
    <ClInclude Include="seriesValidation.h">
      <Filter>Header Files</Filter>
    </ClInclude>
    <ClInclude Include="service.h">
      <Filter>Header Files</Filter>
    </ClInclude>
    <ClInclude Include="user.h">
      <Filter>Header Files</Filter>
    </ClInclude>
    <ClInclude Include="serializerSeries.h">
      <Filter>Header Files</Filter>
    </ClInclude>
    <ClInclude Include="serializer.h">
      <Filter>Header Files</Filter>
    </ClInclude>
    <ClInclude Include="serializerUser.h">
      <Filter>Header Files</Filter>
    </ClInclude>
    <ClInclude Include="console.h">
      <Filter>Header Files</Filter>
    </ClInclude>
  </ItemGroup>
  <ItemGroup>
    <None Include="ClassDiagram.cd" />
    <None Include="ClassDiagram1.cd" />
    <None Include="things.html">
      <Filter>Source Files</Filter>
    </None>
    <None Include="things.csv">
      <Filter>Source Files</Filter>
    </None>
  </ItemGroup>
  <ItemGroup>
    <Text Include="users.txt">
      <Filter>Source Files</Filter>
    </Text>
  </ItemGroup>
</Project>